
Microsoft Visual Studio Solution File, Format Version 12.00
# Visual Studio Version 17
VisualStudioVersion = 17.6.33723.286
MinimumVisualStudioVersion = 10.0.40219.1
Project("{9A19103F-16F7-4668-BE54-9A1E7A4F7556}") = "Task_4", "Task_4\Task_4.csproj", "{36412081-859F-4D74-BB05-6D7EEDA1383B}"
EndProject
Project("{FAE04EC0-301F-11D3-BF4B-00C04F79EFBC}") = "Storage", "Storage\Storage.csproj", "{89B1759C-DF4B-489A-AAC3-770952857762}"
EndProject
Global
	GlobalSection(SolutionConfigurationPlatforms) = preSolution
		Debug|Any CPU = Debug|Any CPU
		Release|Any CPU = Release|Any CPU
	EndGlobalSection
	GlobalSection(ProjectConfigurationPlatforms) = postSolution
		{36412081-859F-4D74-BB05-6D7EEDA1383B}.Debug|Any CPU.ActiveCfg = Debug|Any CPU
		{36412081-859F-4D74-BB05-6D7EEDA1383B}.Debug|Any CPU.Build.0 = Debug|Any CPU
		{36412081-859F-4D74-BB05-6D7EEDA1383B}.Release|Any CPU.ActiveCfg = Release|Any CPU
		{36412081-859F-4D74-BB05-6D7EEDA1383B}.Release|Any CPU.Build.0 = Release|Any CPU
		{89B1759C-DF4B-489A-AAC3-770952857762}.Debug|Any CPU.ActiveCfg = Debug|Any CPU
		{89B1759C-DF4B-489A-AAC3-770952857762}.Debug|Any CPU.Build.0 = Debug|Any CPU
		{89B1759C-DF4B-489A-AAC3-770952857762}.Release|Any CPU.ActiveCfg = Release|Any CPU
		{89B1759C-DF4B-489A-AAC3-770952857762}.Release|Any CPU.Build.0 = Release|Any CPU
	EndGlobalSection
	GlobalSection(SolutionProperties) = preSolution
		HideSolutionNode = FALSE
	EndGlobalSection
	GlobalSection(ExtensibilityGlobals) = postSolution
		SolutionGuid = {8381C7E2-BC64-40F5-9EC7-65B3333D6014}
	EndGlobalSection
EndGlobal
